<?xml version="1.0" encoding="utf-8"?>
<Project ToolsVersion="4.0" xmlns="http://schemas.microsoft.com/developer/msbuild/2003">
  <ItemGroup>
    <Filter Include="VA-FILE">
      <UniqueIdentifier>{06d59f02-05ae-4ce0-9439-bf845c24f4ce}</UniqueIdentifier>
    </Filter>
    <Filter Include="BBF">
      <UniqueIdentifier>{beaa9bc2-db03-45fa-81fb-ec642c4dea46}</UniqueIdentifier>
    </Filter>
    <Filter Include="LSH">
      <UniqueIdentifier>{b930ce6a-ed95-4a06-97cc-317e71672c06}</UniqueIdentifier>
    </Filter>
  </ItemGroup>
  <ItemGroup>
    <ClCompile Include="va_file.cpp">
      <Filter>VA-FILE</Filter>
    </ClCompile>
    <ClCompile Include="BBF.cpp">
      <Filter>BBF</Filter>
    </ClCompile>
    <ClCompile Include="Bucket.cpp">
      <Filter>LSH</Filter>
    </ClCompile>
    <ClCompile Include="HashFunction.cpp">
      <Filter>LSH</Filter>
    </ClCompile>
    <ClCompile Include="Node.cpp">
      <Filter>BBF</Filter>
    </ClCompile>
    <ClCompile Include="LSH.cpp">
      <Filter>LSH</Filter>
    </ClCompile>
    <ClCompile Include="MyPoint.cpp" />
    <ClCompile Include="main.cpp" />
    <ClCompile Include="Functions.cpp" />
  </ItemGroup>
  <ItemGroup>
    <ClInclude Include="va_file.h">
      <Filter>VA-FILE</Filter>
    </ClInclude>
    <ClInclude Include="BBF.h">
      <Filter>BBF</Filter>
    </ClInclude>
    <ClInclude Include="Bucket.h">
      <Filter>LSH</Filter>
    </ClInclude>
    <ClInclude Include="HashFunction.h">
      <Filter>LSH</Filter>
    </ClInclude>
    <ClInclude Include="Node.h">
      <Filter>BBF</Filter>
    </ClInclude>
    <ClInclude Include="LSH.h">
      <Filter>LSH</Filter>
    </ClInclude>
    <ClInclude Include="Functions.h" />
    <ClInclude Include="MyPoint.h" />
  </ItemGroup>
</Project>